
Microsoft Visual Studio Solution File, Format Version 12.00
# Visual Studio Version 16
VisualStudioVersion = 16.0.28803.352
MinimumVisualStudioVersion = 10.0.40219.1
Project("{8BC9CEB8-8B4A-11D0-8D11-00A0C91BC942}") = "CV-Week1", "CV-Week1\CV-Week1.vcxproj", "{A6BBD080-849A-4EEF-BD27-6CFCCB309E3D}"
EndProject
Project("{8BC9CEB8-8B4A-11D0-8D11-00A0C91BC942}") = "CV-Week2", "CV-Week2\CV-Week2.vcxproj", "{A7CB3225-E207-4B70-B887-A8CA1263CCB1}"
EndProject
Project("{8BC9CEB8-8B4A-11D0-8D11-00A0C91BC942}") = "CV-Week3", "CV-Week3\CV-Week3.vcxproj", "{102333B2-1E62-46BB-A4AC-DE5C65CE3B38}"
EndProject
Project("{8BC9CEB8-8B4A-11D0-8D11-00A0C91BC942}") = "CV-Week4", "CV-Week4\CV-Week4.vcxproj", "{F27283DA-153A-488A-97E4-CA3187447C37}"
EndProject
Global
	GlobalSection(SolutionConfigurationPlatforms) = preSolution
		Debug|x64 = Debug|x64
		Debug|x86 = Debug|x86
		Release|x64 = Release|x64
		Release|x86 = Release|x86
	EndGlobalSection
	GlobalSection(ProjectConfigurationPlatforms) = postSolution
		{A6BBD080-849A-4EEF-BD27-6CFCCB309E3D}.Debug|x64.ActiveCfg = Debug|x64
		{A6BBD080-849A-4EEF-BD27-6CFCCB309E3D}.Debug|x64.Build.0 = Debug|x64
		{A6BBD080-849A-4EEF-BD27-6CFCCB309E3D}.Debug|x86.ActiveCfg = Debug|Win32
		{A6BBD080-849A-4EEF-BD27-6CFCCB309E3D}.Debug|x86.Build.0 = Debug|Win32
		{A6BBD080-849A-4EEF-BD27-6CFCCB309E3D}.Release|x64.ActiveCfg = Release|x64
		{A6BBD080-849A-4EEF-BD27-6CFCCB309E3D}.Release|x64.Build.0 = Release|x64
		{A6BBD080-849A-4EEF-BD27-6CFCCB309E3D}.Release|x86.ActiveCfg = Release|Win32
		{A6BBD080-849A-4EEF-BD27-6CFCCB309E3D}.Release|x86.Build.0 = Release|Win32
		{A7CB3225-E207-4B70-B887-A8CA1263CCB1}.Debug|x64.ActiveCfg = Debug|x64
		{A7CB3225-E207-4B70-B887-A8CA1263CCB1}.Debug|x64.Build.0 = Debug|x64
		{A7CB3225-E207-4B70-B887-A8CA1263CCB1}.Debug|x86.ActiveCfg = Debug|Win32
		{A7CB3225-E207-4B70-B887-A8CA1263CCB1}.Debug|x86.Build.0 = Debug|Win32
		{A7CB3225-E207-4B70-B887-A8CA1263CCB1}.Release|x64.ActiveCfg = Release|x64
		{A7CB3225-E207-4B70-B887-A8CA1263CCB1}.Release|x64.Build.0 = Release|x64
		{A7CB3225-E207-4B70-B887-A8CA1263CCB1}.Release|x86.ActiveCfg = Release|Win32
		{A7CB3225-E207-4B70-B887-A8CA1263CCB1}.Release|x86.Build.0 = Release|Win32
		{102333B2-1E62-46BB-A4AC-DE5C65CE3B38}.Debug|x64.ActiveCfg = Debug|x64
		{102333B2-1E62-46BB-A4AC-DE5C65CE3B38}.Debug|x64.Build.0 = Debug|x64
		{102333B2-1E62-46BB-A4AC-DE5C65CE3B38}.Debug|x86.ActiveCfg = Debug|Win32
		{102333B2-1E62-46BB-A4AC-DE5C65CE3B38}.Debug|x86.Build.0 = Debug|Win32
		{102333B2-1E62-46BB-A4AC-DE5C65CE3B38}.Release|x64.ActiveCfg = Release|x64
		{102333B2-1E62-46BB-A4AC-DE5C65CE3B38}.Release|x64.Build.0 = Release|x64
		{102333B2-1E62-46BB-A4AC-DE5C65CE3B38}.Release|x86.ActiveCfg = Release|Win32
		{102333B2-1E62-46BB-A4AC-DE5C65CE3B38}.Release|x86.Build.0 = Release|Win32
		{F27283DA-153A-488A-97E4-CA3187447C37}.Debug|x64.ActiveCfg = Debug|x64
		{F27283DA-153A-488A-97E4-CA3187447C37}.Debug|x64.Build.0 = Debug|x64
		{F27283DA-153A-488A-97E4-CA3187447C37}.Debug|x86.ActiveCfg = Debug|Win32
		{F27283DA-153A-488A-97E4-CA3187447C37}.Debug|x86.Build.0 = Debug|Win32
		{F27283DA-153A-488A-97E4-CA3187447C37}.Release|x64.ActiveCfg = Release|x64
		{F27283DA-153A-488A-97E4-CA3187447C37}.Release|x64.Build.0 = Release|x64
		{F27283DA-153A-488A-97E4-CA3187447C37}.Release|x86.ActiveCfg = Release|Win32
		{F27283DA-153A-488A-97E4-CA3187447C37}.Release|x86.Build.0 = Release|Win32
	EndGlobalSection
	GlobalSection(SolutionProperties) = preSolution
		HideSolutionNode = FALSE
	EndGlobalSection
	GlobalSection(ExtensibilityGlobals) = postSolution
		SolutionGuid = {1F6C04E0-0B33-4C58-A96E-901D9D6B72C8}
	EndGlobalSection
EndGlobal
